# This file is autogenerated, do not edit; changes may be undone by the next 'dep ensure'.


[[projects]]
  digest = "1:5d72bbcc9c8667b11c3dc3cbe681c5a6f71e5096744c0bf7726ab5c6425d5dc4"
  name = "github.com/BurntSushi/toml"
  packages = ["."]
  pruneopts = "NUT"
  revision = "3012a1dbe2e4bd1391d42b32f0577cb7bbc7f005"
  version = "v0.3.1"

[[projects]]
  branch = "master"
  digest = "1:6250769f8da5f710d163396ce462904adc7934d167b6867fa098e2bb7419ead9"
  name = "github.com/antchfx/xpath"
  packages = ["."]
  pruneopts = "NUT"
  revision = "ce1d48779e67a1ddfb380995fe532b2e0015919c"

[[projects]]
  digest = "1:ef4a4792c7964d4c42edc790702bd920223d0e679de3d76d6da7a2498b755f7f"
  name = "github.com/bblfsh/go-client"
  packages = [
    ".",
    "tools",
  ]
  pruneopts = "NUT"
  revision = "33384029f8b7ae4c89d810b4d280d7d6bf4df033"
  version = "v4.0.0"

[[projects]]
  digest = "1:ffe9824d294da03b391f44e1ae8281281b4afc1bdaa9588c9097785e3af10cec"
  name = "github.com/davecgh/go-spew"
  packages = ["spew"]
  pruneopts = "NUT"
  revision = "8991bc29aa16c548c550c7ff78260e27b9ab7c73"
  version = "v1.1.1"

[[projects]]
  digest = "1:e314993806c7b43f0d7c0abaedde500aa4de3010407a62a282e30748bac8df0b"
  name = "github.com/go-chi/chi"
  packages = [
    ".",
    "middleware",
  ]
  pruneopts = "NUT"
  revision = "da24bba8dcd4021cafac38724bf10dccc97c3e36"
  version = "v4.0.2"

[[projects]]
  digest = "1:13e9a236e56e18fecb73f5b2f2eb7f60060a1a9bc27e5a7328ab22e275ecb63e"
  name = "github.com/go-sql-driver/mysql"
  packages = ["."]
  pruneopts = "NUT"
  revision = "72cd26f257d44c1114970e19afddcd812016007e"
  version = "v1.4.1"

[[projects]]
  digest = "1:9de28de6b4453a6a96cdbb16b86d48f2640397e6739ed2d3d7ee5fd55b93d193"
  name = "github.com/gogo/protobuf"
  packages = [
    "gogoproto",
    "proto",
    "protoc-gen-gogo/descriptor",
    "sortkeys",
    "types",
  ]
  pruneopts = "NUT"
  revision = "ba06b47c162d49f2af050fb4c75bcbc86a159d5c"
  version = "v1.2.1"

[[projects]]
  digest = "1:2d0636a8c490d2272dd725db26f74a537111b99b9dbdda0d8b98febe63702aa4"
  name = "github.com/golang/protobuf"
  packages = [
    "proto",
    "ptypes",
    "ptypes/any",
    "ptypes/duration",
    "ptypes/timestamp",
  ]
  pruneopts = "NUT"
  revision = "b5d812f8a3706043e23a9cd5babf2e5423744d30"
  version = "v1.3.1"

[[projects]]
  branch = "master"
  digest = "1:7b760aa6dbe426378f54934270dde1b176fda379111da2154748f030fffe4d3f"
  name = "github.com/grpc-ecosystem/grpc-opentracing"
  packages = ["go/otgrpc"]
  pruneopts = "NUT"
  revision = "8e809c8a86450a29b90dcc9efbf062d0fe6d9746"

[[projects]]
  digest = "1:d0fbb40af7faf9cc62d1728be5fdd140ae17ce6e2aac6371971a0a6a2cc139d3"
  name = "github.com/jessevdk/go-flags"
  packages = ["."]
  pruneopts = "NUT"
  revision = "c6ca198ec95c841fdb89fc0de7496fed11ab854e"
  version = "v1.4.0"

[[projects]]
  digest = "1:b8870bf2606dca65dc382f4cb8b7a434f17ff36a915451bda12788e9620be368"
  name = "github.com/kelseyhightower/envconfig"
  packages = ["."]
  pruneopts = "NUT"
  revision = "f611eb38b3875cc3bd991ca91c51d06446afa14c"
  version = "v1.3.0"

[[projects]]
  digest = "1:58999a98719fddbac6303cb17e8d85b945f60b72f48e3a2df6b950b97fa926f1"
  name = "github.com/konsorten/go-windows-terminal-sequences"
  packages = ["."]
  pruneopts = "NUT"
  revision = "f55edac94c9bbba5d6182a4be46d86a2c9b5b50e"
  version = "v1.0.2"

[[projects]]
  digest = "1:9785a54031460a402fab4e4bbb3124c8dd9e9f7b1982109fef605cb91632d480"
  name = "github.com/mattn/go-colorable"
  packages = ["."]
  pruneopts = "NUT"
  revision = "3a70a971f94a22f2fa562ffcc7a0eb45f5daf045"
  version = "v0.1.1"

[[projects]]
  digest = "1:85edcc76fa95b8b312642905b56284f4fe5c42d8becb219481adba7e97d4f5c5"
  name = "github.com/mattn/go-isatty"
  packages = ["."]
  pruneopts = "NUT"
  revision = "c2a7a6ca930a4cd0bc33a3f298eb71960732a3a7"
  version = "v0.0.7"

[[projects]]
  branch = "master"
  digest = "1:e1ca43ca8774cfff2a43265116b8ccc8221fcb994843a1124071d65dab1507e9"
  name = "github.com/mcuadros/go-lookup"
  packages = ["."]
  pruneopts = "NUT"
  revision = "5650f26be7675b629fff8356a50d906fa03e9c8b"

[[projects]]
  branch = "master"
  digest = "1:063d55b87e200bced5e2be658cc70acafb4c5bbc4afa04d4b82f66298b73d089"
  name = "github.com/mgutz/ansi"
  packages = ["."]
  pruneopts = "NUT"
  revision = "9520e82c474b0a04dd04f8a40959027271bab992"

[[projects]]
  digest = "1:6846140b3f116579680eefdc17145f2bcf064b68deb9febf86b4419a454049af"
  name = "github.com/opentracing/opentracing-go"
  packages = [
    ".",
    "ext",
    "log",
  ]
  pruneopts = "NUT"
  revision = "659c90643e714681897ec2521c60567dd21da733"
  version = "v1.1.0"

[[projects]]
  digest = "1:14715f705ff5dfe0ffd6571d7d201dd8e921030f8070321a79380d8ca4ec1a24"
  name = "github.com/pkg/errors"
  packages = ["."]
  pruneopts = "NUT"
  revision = "ba968bfe8b2f7e042a574c888954fccecfa385b4"
  version = "v0.8.1"

[[projects]]
  digest = "1:0028cb19b2e4c3112225cd871870f2d9cf49b9b4276531f03438a88e94be86fe"
  name = "github.com/pmezard/go-difflib"
  packages = ["difflib"]
  pruneopts = "NUT"
  revision = "792786c7400a136282c1664665ae0a8db921c6c2"
  version = "v1.0.0"

[[projects]]
  digest = "1:f3b6f8d99f02a3637477e5875e05ae7a0be0f0ad361de7a9e722f864db70ce46"
  name = "github.com/pressly/lg"
  packages = ["."]
  pruneopts = "NUT"
  revision = "bfbc64b4561fef198c68289c2610ccc4696d57d1"
  version = "v1.1.1"

[[projects]]
  digest = "1:f250ca51e5b9215bc2df18f92060a9a835e9f85ab18ebbba0e1a6ef1f8fcdbfe"
  name = "github.com/rs/cors"
  packages = ["."]
  pruneopts = "NUT"
  revision = "9a47f48565a795472d43519dd49aac781f3034fb"
  version = "v1.6.0"

[[projects]]
  digest = "1:998e4640c25e00ccb7b2569bf94562283937b8afb3485c0e1a0a05a15330240d"
  name = "github.com/sirupsen/logrus"
  packages = ["."]
  pruneopts = "NUT"
  revision = "8bdbc7bcc01dcbb8ec23dc8a28e332258d25251f"
  version = "v1.4.1"

[[projects]]
  digest = "1:fcd6de2209e4598560eb0fdbe1c535553db7f5c2d0f24ee3ece77b7ae8334ce1"
  name = "github.com/src-d/envconfig"
  packages = ["."]
  pruneopts = "NUT"
  revision = "0280e33525f5d88edb71638a80b31724153225ba"
  version = "v1.0.0"

[[projects]]
  digest = "1:1e756bf46ac38206112db9743c8960d0eb7a56ea8e6f4c4feb523436c8b6e59a"
  name = "github.com/src-d/go-oniguruma"
  packages = ["."]
  pruneopts = "NUT"
  revision = "788303971318a98ac6d485136e6ae95d155c0876"
  version = "v1.0.0"

[[projects]]
  digest = "1:478d30bda4aa1674ff097066a5da483e660ab51915a7ba62aef73149915aa938"
  name = "github.com/stretchr/testify"
  packages = [
    "assert",
    "require",
    "suite",
  ]
  pruneopts = "NUT"
  revision = "ffdc059bfe9ce6a4e144ba849dbedead332c6053"
  version = "v1.3.0"

[[projects]]
  digest = "1:00dde67969c6b5ac2d7bfe189a394095d7be3adff2bb915909235cb697e05d13"
  name = "github.com/toqueteos/trie"
  packages = ["."]
  pruneopts = "NUT"
  revision = "683ae57f27ac5c2afec902631ed8b9cda1d0f481"
  version = "v1.0.0"

[[projects]]
  digest = "1:c950ed18f9e7d881d16e226c5612fea8acceb241a0d04c3dad5c0d22c24381c5"
  name = "github.com/x-cray/logrus-prefixed-formatter"
  packages = ["."]
  pruneopts = "NUT"
  revision = "bb2702d423886830dee131692131d35648c382e2"
  version = "v0.5.2"

[[projects]]
  branch = "master"
  digest = "1:bbe51412d9915d64ffaa96b51d409e070665efc5194fcf145c4a27d4133107a4"
  name = "golang.org/x/crypto"
  packages = ["ssh/terminal"]
  pruneopts = "NUT"
  revision = "88737f569e3a9c7ab309cdc09a07fe7fc87233c3"

[[projects]]
  branch = "master"
  digest = "1:0691891596aed53deec3856d0d16ddaf565fed63445c173c3299613494800030"
  name = "golang.org/x/net"
  packages = [
    "context",
    "http/httpguts",
    "http2",
    "http2/hpack",
    "idna",
    "internal/timeseries",
    "trace",
  ]
  pruneopts = "NUT"
  revision = "1da14a5a36f220ea3f03470682b737b1dfd5de22"

[[projects]]
  branch = "master"
  digest = "1:2b6d0df2d8106eb964da4029fe9630322820d0b9b465048f75c4976282d96d39"
  name = "golang.org/x/sys"
  packages = [
    "unix",
    "windows",
  ]
  pruneopts = "NUT"
  revision = "3fd5a3612ccd7907f26270fa92579a0f2f76f734"

[[projects]]
  digest = "1:e7071ed636b5422cc51c0e3a6cebc229d6c9fffc528814b519a980641422d619"
  name = "golang.org/x/text"
  packages = [
    "collate",
    "collate/build",
    "internal/colltab",
    "internal/gen",
    "internal/tag",
    "internal/triegen",
    "internal/ucd",
    "language",
    "secure/bidirule",
    "transform",
    "unicode/bidi",
    "unicode/cldr",
    "unicode/norm",
    "unicode/rangetable",
  ]
  pruneopts = "NUT"
  revision = "f21a4dfb5e38f5895301dc265a8def02365cc3d0"
  version = "v0.3.0"

[[projects]]
  digest = "1:c25289f43ac4a68d88b02245742347c94f1e108c534dda442188015ff80669b3"
  name = "google.golang.org/appengine"
  packages = ["cloudsql"]
  pruneopts = "NUT"
  revision = "54a98f90d1c46b7731eb8fb305d2a321c30ef610"
  version = "v1.5.0"

[[projects]]
  branch = "master"
  digest = "1:c3076e7defee87de1236f1814beb588f40a75544c60121e6eb38b3b3721783e2"
  name = "google.golang.org/genproto"
  packages = ["googleapis/rpc/status"]
  pruneopts = "NUT"
  revision = "d1146b9035b912113a38af3b138eb2af567b2c67"

[[projects]]
  digest = "1:054a590df55ec2c3fb881f1441b01d124913e8f2251947ab44fa81d175262219"
  name = "google.golang.org/grpc"
  packages = [
    ".",
    "balancer",
    "balancer/base",
    "balancer/roundrobin",
    "binarylog/grpc_binarylog_v1",
    "codes",
    "connectivity",
    "credentials",
    "credentials/internal",
    "encoding",
    "encoding/proto",
    "grpclog",
    "internal",
    "internal/backoff",
    "internal/balancerload",
    "internal/binarylog",
    "internal/channelz",
    "internal/envconfig",
    "internal/grpcrand",
    "internal/grpcsync",
    "internal/syscall",
    "internal/transport",
    "keepalive",
    "metadata",
    "naming",
    "peer",
    "resolver",
    "resolver/dns",
    "resolver/passthrough",
    "stats",
    "status",
    "tap",
  ]
  pruneopts = "NUT"
  revision = "236199dd5f8031d698fb64091194aecd1c3895b2"
  version = "v1.20.0"

[[projects]]
  digest = "1:26e56bf1243a3675608f918a1574bf0005d5263b67b84a24a5fb0946ad7a75e3"
  name = "gopkg.in/DATA-DOG/go-sqlmock.v1"
  packages = ["."]
  pruneopts = "NUT"
  revision = "3f9954f6f6697845b082ca57995849ddf614f450"
  version = "v1.3.3"

[[projects]]
  digest = "1:85ce4b06f191dd616ad7f4377843ea08db7db003757bd0a67e1b3ac4cbd5c2ef"
  name = "gopkg.in/bblfsh/sdk.v1"
  packages = [
    "manifest",
    "protocol",
    "uast",
  ]
  pruneopts = "NUT"
  revision = "96b20b225b3093661e5f3f3bdf9b3beb5d1040a6"
  version = "v1.17.0"

[[projects]]
  digest = "1:a97d8f6cd5cf31b41f5962fa37f409d45f8eb0f383a4ed3af768974568003eeb"
  name = "gopkg.in/bblfsh/sdk.v2"
  packages = [
    "driver",
    "driver/errors",
    "driver/manifest",
    "protocol",
    "uast",
    "uast/nodes",
    "uast/nodes/nodesproto",
    "uast/nodes/nodesproto/pio",
    "uast/query",
    "uast/query/xpath",
    "uast/role",
    "uast/transformer",
  ]
  pruneopts = "NUT"
  revision = "a7cb6c25d2968d3f254149b7b878c4f5270dd1b6"
  version = "v2.16.4"

[[projects]]
  digest = "1:7352a1824c04d564bf8cde1d420882859f4d9a938ec6a94f5081bffe22154b46"
  name = "gopkg.in/src-d/enry.v1"
  packages = [
    ".",
    "data",
    "data/rule",
    "internal/tokenizer",
    "regex",
  ]
  pruneopts = "NUT"
  revision = "ab3c26b46dfaf8281bf78f2e998111e6a40829bf"
  version = "v1.7.3"

[[projects]]
  branch = "master"
  digest = "1:1d3d35b3994a6b917bff669292a182ff9c806e320df11f3645b639cbbb0d46c6"
  name = "gopkg.in/src-d/go-cli.v0"
  packages = ["."]
  pruneopts = "NUT"
  revision = "7fe0cee18d1631fb2be0c80716a43494f74f7643"

[[projects]]
  digest = "1:e79c76b3315c08c2c9d4d09d308ef2be7e4a4161fdcbe5c56040b3641f21096c"
  name = "gopkg.in/src-d/go-errors.v1"
  packages = ["."]
  pruneopts = "NUT"
  revision = "8bbbeeb767dfdd053b9b45d5a16a4f4ce2c6f694"
  version = "v1.0.0"

[[projects]]
  digest = "1:0d4af6fbf8a26e281ba21b1075844804a6509fbd170369a6f466a8b2fcdbb0b2"
  name = "gopkg.in/src-d/go-log.v1"
  packages = ["."]
  pruneopts = "NUT"
  revision = "289c0569da6b085f689b7b133944816c3428ed64"
  version = "v1.0.1"

[[projects]]
  digest = "1:20d5d24cfd1dac53cbf730d5c9861c0792c68ae547e67fc16fa0ed0660481b0a"
  name = "gopkg.in/toqueteos/substring.v1"
  packages = ["."]
  pruneopts = "NUT"
  revision = "c5f61671513240ddf5563635cc4a90e9f3ae4710"
  version = "v1.0.2"

[solve-meta]
  analyzer-name = "dep"
  analyzer-version = 1
  input-imports = [
    "github.com/bblfsh/go-client",
    "github.com/bblfsh/go-client/tools",
    "github.com/go-chi/chi",
    "github.com/go-chi/chi/middleware",
    "github.com/go-sql-driver/mysql",
    "github.com/kelseyhightower/envconfig",
    "github.com/pressly/lg",
    "github.com/rs/cors",
    "github.com/sirupsen/logrus",
    "github.com/stretchr/testify/assert",
    "github.com/stretchr/testify/require",
    "github.com/stretchr/testify/suite",
    "gopkg.in/DATA-DOG/go-sqlmock.v1",
    "gopkg.in/bblfsh/sdk.v2/uast/nodes",
    "gopkg.in/bblfsh/sdk.v2/uast/nodes/nodesproto",
    "gopkg.in/src-d/enry.v1",
    "gopkg.in/src-d/go-cli.v0",
    "gopkg.in/src-d/go-errors.v1",
    "gopkg.in/src-d/go-log.v1",
  ]
  solver-name = "gps-cdcl"
  solver-version = 1
